# This file is autogenerated, do not edit; changes may be undone by the next 'dep ensure'.


[[projects]]
  branch = "master"
  name = "github.com/dnsimple/dnsimple-go"
  packages = ["dnsimple"]
  revision = "5a5b427618a76f9eed5ede0f3e6306fbd9311d2e"

[[projects]]
  name = "github.com/go-resty/resty"
  packages = ["."]
  revision = "cf81ed0a604d373be63b4c036c6b05c06520615f"
  version = "v0.13"

[[projects]]
  branch = "master"
  name = "github.com/google/go-querystring"
  packages = ["query"]
  revision = "53e6ce116135b80d037921a7fdd5138cf32d7a8a"

[[projects]]
  name = "github.com/pkg/errors"
  packages = ["."]
  revision = "645ef00459ed84a119197bfb8d8205042c6df63d"
  version = "v0.8.0"

[[projects]]
  branch = "master"
  name = "github.com/sirupsen/logrus"
  packages = ["."]
  revision = "5e5dc898656f695e2a086b8e12559febbfc01562"

[[projects]]
  branch = "master"
  name = "golang.org/x/net"
  packages = ["idna","publicsuffix"]
  revision = "b129b8e0fbeb39c8358e51a07ab6c50ad415e72e"

[[projects]]
  branch = "master"
  name = "golang.org/x/sys"
  packages = ["unix"]
  revision = "a2e06a18b0d52d8cb2010e04b372a1965d8e3439"

[[projects]]
  branch = "master"
  name = "golang.org/x/text"
  packages = ["internal/gen","internal/triegen","internal/ucd","secure/bidirule","transform","unicode/bidi","unicode/cldr","unicode/norm","unicode/rangetable"]
  revision = "acd49d43e9b95df46670431bf5c7ae59586daad8"

[[projects]]
  branch = "v2"
  name = "gopkg.in/urfave/cli.v2"
  packages = ["."]
  revision = "61c3eb6ba1da1df17cd50f1456a9252d92bf5edd"

[solve-meta]
  analyzer-name = "dep"
  analyzer-version = 1
  inputs-digest = "beee277f3640d1aeaff5d9e47d1bc5026b7b33e97e8a127ee80c6037c8979219"
  solver-name = "gps-cdcl"
  solver-version = 1
